{
  "version": 4,
  "terraform_version": "1.1.9",
  "serial": 8,
  "lineage": "adb2cfca-fc93-d434-0247-7ead15b09f4c",
  "outputs": {},
  "resources": [
    {
      "mode": "managed",
      "type": "azurerm_app_service",
      "name": "myappservice",
      "provider": "provider[\"registry.terraform.io/hashicorp/azurerm\"]",
      "instances": [
        {
          "schema_version": 0,
          "attributes": {
            "app_service_plan_id": "/subscriptions/e9d7db19-8a35-4c42-b637-876bffbd6394/resourceGroups/New-RG/providers/Microsoft.Web/serverfarms/inamappserplan",
            "app_settings": {
              "SOME_KEY": "some-value"
            },
            "auth_settings": [
              {
                "active_directory": [],
                "additional_login_params": {},
                "allowed_external_redirect_urls": [],
                "default_provider": "",
                "enabled": false,
                "facebook": [],
                "google": [],
                "issuer": "",
                "microsoft": [],
                "runtime_version": "",
                "token_refresh_extension_hours": 0,
                "token_store_enabled": false,
                "twitter": [],
                "unauthenticated_client_action": ""
              }
            ],
            "backup": [],
            "client_affinity_enabled": false,
            "client_cert_enabled": false,
            "client_cert_mode": "Required",
            "connection_string": [],
            "custom_domain_verification_id": "4E78E43F423AD29C4D7BA4783953DE46C36FE4FBB8311237743D787B4A8A76AA",
            "default_site_hostname": "inam-app-service.azurewebsites.net",
            "enabled": true,
            "https_only": false,
            "id": "/subscriptions/e9d7db19-8a35-4c42-b637-876bffbd6394/resourceGroups/New-RG/providers/Microsoft.Web/sites/inam-app-service",
            "identity": [],
            "key_vault_reference_identity_id": "SystemAssigned",
            "location": "westeurope",
            "logs": [
              {
                "application_logs": [
                  {
                    "azure_blob_storage": [],
                    "file_system_level": "Off"
                  }
                ],
                "detailed_error_messages_enabled": false,
                "failed_request_tracing_enabled": false,
                "http_logs": [
                  {
                    "azure_blob_storage": [],
                    "file_system": []
                  }
                ]
              }
            ],
            "name": "inam-app-service",
            "outbound_ip_address_list": [
              "20.73.237.47",
              "20.71.73.98",
              "20.73.237.54",
              "20.73.237.61",
              "20.73.237.63",
              "20.73.237.72",
              "20.50.2.27"
            ],
            "outbound_ip_addresses": "20.73.237.47,20.71.73.98,20.73.237.54,20.73.237.61,20.73.237.63,20.73.237.72,20.50.2.27",
            "possible_outbound_ip_address_list": [
              "20.73.237.47",
              "20.71.73.98",
              "20.73.237.54",
              "20.73.237.61",
              "20.73.237.63",
              "20.73.237.72",
              "20.73.237.79",
              "20.71.73.109",
              "20.73.237.85",
              "20.73.237.101",
              "20.71.78.167",
              "20.73.237.116",
              "20.73.237.123",
              "20.73.237.135",
              "20.73.237.136",
              "20.73.237.151",
              "20.73.237.161",
              "20.73.237.162",
              "20.73.236.209",
              "20.73.237.194",
              "20.71.74.96",
              "20.73.237.221",
              "20.73.237.226",
              "20.73.237.235",
              "20.73.237.251",
              "20.67.123.6",
              "20.67.123.237",
              "20.73.147.51",
              "20.73.147.205",
              "20.73.150.79",
              "20.50.2.27"
            ],
            "possible_outbound_ip_addresses": "20.73.237.47,20.71.73.98,20.73.237.54,20.73.237.61,20.73.237.63,20.73.237.72,20.73.237.79,20.71.73.109,20.73.237.85,20.73.237.101,20.71.78.167,20.73.237.116,20.73.237.123,20.73.237.135,20.73.237.136,20.73.237.151,20.73.237.161,20.73.237.162,20.73.236.209,20.73.237.194,20.71.74.96,20.73.237.221,20.73.237.226,20.73.237.235,20.73.237.251,20.67.123.6,20.67.123.237,20.73.147.51,20.73.147.205,20.73.150.79,20.50.2.27",
            "resource_group_name": "New-RG",
            "site_config": [
              {
                "acr_use_managed_identity_credentials": false,
                "acr_user_managed_identity_client_id": "",
                "always_on": false,
                "app_command_line": "",
                "auto_swap_slot_name": "",
                "cors": [
                  {
                    "allowed_origins": [],
                    "support_credentials": false
                  }
                ],
                "default_documents": null,
                "dotnet_framework_version": "v4.0",
                "ftps_state": "AllAllowed",
                "health_check_path": "",
                "http2_enabled": false,
                "ip_restriction": [],
                "java_container": "",
                "java_container_version": "",
                "java_version": "",
                "linux_fx_version": "",
                "local_mysql_enabled": false,
                "managed_pipeline_mode": "Integrated",
                "min_tls_version": "1.2",
                "number_of_workers": 1,
                "php_version": "",
                "python_version": "",
                "remote_debugging_enabled": false,
                "remote_debugging_version": "VS2019",
                "scm_ip_restriction": [],
                "scm_type": "LocalGit",
                "scm_use_main_ip_restriction": false,
                "use_32_bit_worker_process": false,
                "vnet_route_all_enabled": false,
                "websockets_enabled": false,
                "windows_fx_version": ""
              }
            ],
            "site_credential": [
              {
                "password": "tFfik9GKFggrrHkjuk5nPziM7sTRHLin2kEMvwDBY0TMHqZ0ermbxlxAT1pP",
                "username": "$inam-app-service"
              }
            ],
            "source_control": [
              {
                "branch": "master",
                "manual_integration": false,
                "repo_url": "https://inam-app-service.scm.azurewebsites.net",
                "rollback_enabled": false,
                "use_mercurial": false
              }
            ],
            "storage_account": [],
            "tags": null,
            "timeouts": null
          },
          "sensitive_attributes": [],
          "private": "eyJlMmJmYjczMC1lY2FhLTExZTYtOGY4OC0zNDM2M2JjN2M0YzAiOnsiY3JlYXRlIjoxODAwMDAwMDAwMDAwLCJkZWxldGUiOjE4MDAwMDAwMDAwMDAsInJlYWQiOjMwMDAwMDAwMDAwMCwidXBkYXRlIjoxODAwMDAwMDAwMDAwfX0=",
          "dependencies": [
            "azurerm_app_service_plan.new-app-se",
            "azurerm_resource_group.myrg"
          ]
        }
      ]
    },
    {
      "mode": "managed",
      "type": "azurerm_app_service_plan",
      "name": "new-app-se",
      "provider": "provider[\"registry.terraform.io/hashicorp/azurerm\"]",
      "instances": [
        {
          "schema_version": 0,
          "attributes": {
            "app_service_environment_id": "",
            "id": "/subscriptions/e9d7db19-8a35-4c42-b637-876bffbd6394/resourceGroups/New-RG/providers/Microsoft.Web/serverfarms/inamappserplan",
            "is_xenon": false,
            "kind": "Windows",
            "location": "westeurope",
            "maximum_elastic_worker_count": 1,
            "maximum_number_of_workers": 10,
            "name": "inamappserplan",
            "per_site_scaling": false,
            "reserved": false,
            "resource_group_name": "New-RG",
            "sku": [
              {
                "capacity": 1,
                "size": "S1",
                "tier": "Standard"
              }
            ],
            "tags": null,
            "timeouts": null,
            "zone_redundant": false
          },
          "sensitive_attributes": [],
          "private": "eyJlMmJmYjczMC1lY2FhLTExZTYtOGY4OC0zNDM2M2JjN2M0YzAiOnsiY3JlYXRlIjozNjAwMDAwMDAwMDAwLCJkZWxldGUiOjM2MDAwMDAwMDAwMDAsInJlYWQiOjMwMDAwMDAwMDAwMCwidXBkYXRlIjozNjAwMDAwMDAwMDAwfX0=",
          "dependencies": [
            "azurerm_resource_group.myrg"
          ]
        }
      ]
    },
    {
      "mode": "managed",
      "type": "azurerm_function_app",
      "name": "new-fun-app",
      "provider": "provider[\"registry.terraform.io/hashicorp/azurerm\"]",
      "instances": [
        {
          "schema_version": 0,
          "attributes": {
            "app_service_plan_id": "/subscriptions/e9d7db19-8a35-4c42-b637-876bffbd6394/resourceGroups/New-RG/providers/Microsoft.Web/serverfarms/inamappserplan",
            "app_settings": {},
            "auth_settings": [
              {
                "active_directory": [],
                "additional_login_params": {},
                "allowed_external_redirect_urls": [],
                "default_provider": "",
                "enabled": false,
                "facebook": [],
                "google": [],
                "issuer": "",
                "microsoft": [],
                "runtime_version": "",
                "token_refresh_extension_hours": 0,
                "token_store_enabled": false,
                "twitter": [],
                "unauthenticated_client_action": ""
              }
            ],
            "client_affinity_enabled": false,
            "client_cert_mode": "",
            "connection_string": [],
            "custom_domain_verification_id": "4E78E43F423AD29C4D7BA4783953DE46C36FE4FBB8311237743D787B4A8A76AA",
            "daily_memory_time_quota": 0,
            "default_hostname": "tinam-functions.azurewebsites.net",
            "enable_builtin_logging": true,
            "enabled": true,
            "https_only": false,
            "id": "/subscriptions/e9d7db19-8a35-4c42-b637-876bffbd6394/resourceGroups/New-RG/providers/Microsoft.Web/sites/tinam-functions",
            "identity": [],
            "key_vault_reference_identity_id": "SystemAssigned",
            "kind": "functionapp",
            "location": "westeurope",
            "name": "tinam-functions",
            "os_type": "",
            "outbound_ip_addresses": "20.73.237.47,20.71.73.98,20.73.237.54,20.73.237.61,20.73.237.63,20.73.237.72,20.50.2.27",
            "possible_outbound_ip_addresses": "20.73.237.47,20.71.73.98,20.73.237.54,20.73.237.61,20.73.237.63,20.73.237.72,20.73.237.79,20.71.73.109,20.73.237.85,20.73.237.101,20.71.78.167,20.73.237.116,20.73.237.123,20.73.237.135,20.73.237.136,20.73.237.151,20.73.237.161,20.73.237.162,20.73.236.209,20.73.237.194,20.71.74.96,20.73.237.221,20.73.237.226,20.73.237.235,20.73.237.251,20.67.123.6,20.67.123.237,20.73.147.51,20.73.147.205,20.73.150.79,20.50.2.27",
            "resource_group_name": "New-RG",
            "site_config": [
              {
                "always_on": false,
                "app_scale_limit": 0,
                "auto_swap_slot_name": "",
                "cors": [],
                "dotnet_framework_version": "v4.0",
                "elastic_instance_minimum": 0,
                "ftps_state": "AllAllowed",
                "health_check_path": "",
                "http2_enabled": false,
                "ip_restriction": [],
                "java_version": "",
                "linux_fx_version": "",
                "min_tls_version": "1.2",
                "pre_warmed_instance_count": 0,
                "runtime_scale_monitoring_enabled": false,
                "scm_ip_restriction": [],
                "scm_type": "None",
                "scm_use_main_ip_restriction": false,
                "use_32_bit_worker_process": true,
                "vnet_route_all_enabled": false,
                "websockets_enabled": false
              }
            ],
            "site_credential": [
              {
                "password": "aqGcXzxtjattzcZmqr02B3XuvhFKn7dhubkFZzDQAyM6Ew5iPSZgyM0iZp3L",
                "username": "$tinam-functions"
              }
            ],
            "source_control": [
              {
                "branch": "master",
                "manual_integration": false,
                "repo_url": "",
                "rollback_enabled": false,
                "use_mercurial": false
              }
            ],
            "storage_account_access_key": "1Bnk71W57CPzh9b4a7digIpp754cd8J9Ce2RaNSQ748XY968YLoaQAZi4jwAIjIdU5mTneIAhV0x+AStMF0jsQ==",
            "storage_account_name": "inamstg",
            "storage_connection_string": "DefaultEndpointsProtocol=https;AccountName=inamstg;AccountKey=1Bnk71W57CPzh9b4a7digIpp754cd8J9Ce2RaNSQ748XY968YLoaQAZi4jwAIjIdU5mTneIAhV0x+AStMF0jsQ==;EndpointSuffix=core.windows.net",
            "tags": null,
            "timeouts": null,
            "version": "~1"
          },
          "sensitive_attributes": [
            [
              {
                "type": "get_attr",
                "value": "storage_account_access_key"
              }
            ]
          ],
          "private": "eyJlMmJmYjczMC1lY2FhLTExZTYtOGY4OC0zNDM2M2JjN2M0YzAiOnsiY3JlYXRlIjoxODAwMDAwMDAwMDAwLCJkZWxldGUiOjE4MDAwMDAwMDAwMDAsInJlYWQiOjMwMDAwMDAwMDAwMCwidXBkYXRlIjoxODAwMDAwMDAwMDAwfX0=",
          "dependencies": [
            "azurerm_app_service_plan.new-app-se",
            "azurerm_resource_group.myrg",
            "azurerm_storage_account.mystg",
            "azurerm_subnet.sub1",
            "azurerm_virtual_network.myvnet"
          ]
        }
      ]
    },
    {
      "mode": "managed",
      "type": "azurerm_resource_group",
      "name": "myrg",
      "provider": "provider[\"registry.terraform.io/hashicorp/azurerm\"]",
      "instances": [
        {
          "schema_version": 0,
          "attributes": {
            "id": "/subscriptions/e9d7db19-8a35-4c42-b637-876bffbd6394/resourceGroups/New-RG",
            "location": "westeurope",
            "name": "New-RG",
            "tags": null,
            "timeouts": null
          },
          "sensitive_attributes": [],
          "private": "eyJlMmJmYjczMC1lY2FhLTExZTYtOGY4OC0zNDM2M2JjN2M0YzAiOnsiY3JlYXRlIjo1NDAwMDAwMDAwMDAwLCJkZWxldGUiOjU0MDAwMDAwMDAwMDAsInJlYWQiOjMwMDAwMDAwMDAwMCwidXBkYXRlIjo1NDAwMDAwMDAwMDAwfX0="
        }
      ]
    },
    {
      "mode": "managed",
      "type": "azurerm_storage_account",
      "name": "mystg",
      "provider": "provider[\"registry.terraform.io/hashicorp/azurerm\"]",
      "instances": [
        {
          "schema_version": 2,
          "attributes": {
            "access_tier": "Hot",
            "account_kind": "StorageV2",
            "account_replication_type": "LRS",
            "account_tier": "Standard",
            "allow_blob_public_access": false,
            "azure_files_authentication": [],
            "blob_properties": [
              {
                "change_feed_enabled": false,
                "container_delete_retention_policy": [],
                "cors_rule": [],
                "default_service_version": "",
                "delete_retention_policy": [],
                "last_access_time_enabled": false,
                "versioning_enabled": false
              }
            ],
            "custom_domain": [],
            "enable_https_traffic_only": true,
            "id": "/subscriptions/e9d7db19-8a35-4c42-b637-876bffbd6394/resourceGroups/New-RG/providers/Microsoft.Storage/storageAccounts/inamstg",
            "identity": [],
            "is_hns_enabled": false,
            "large_file_share_enabled": null,
            "location": "westeurope",
            "min_tls_version": "TLS1_0",
            "name": "inamstg",
            "network_rules": [
              {
                "bypass": [
                  "AzureServices"
                ],
                "default_action": "Deny",
                "ip_rules": [
                  "100.0.0.1"
                ],
                "private_link_access": [],
                "virtual_network_subnet_ids": [
                  "/subscriptions/e9d7db19-8a35-4c42-b637-876bffbd6394/resourceGroups/New-RG/providers/Microsoft.Network/virtualNetworks/virtnetname/subnets/inamsubnet"
                ]
              }
            ],
            "nfsv3_enabled": false,
            "primary_access_key": "1Bnk71W57CPzh9b4a7digIpp754cd8J9Ce2RaNSQ748XY968YLoaQAZi4jwAIjIdU5mTneIAhV0x+AStMF0jsQ==",
            "primary_blob_connection_string": "DefaultEndpointsProtocol=https;BlobEndpoint=https://inamstg.blob.core.windows.net/;AccountName=inamstg;AccountKey=1Bnk71W57CPzh9b4a7digIpp754cd8J9Ce2RaNSQ748XY968YLoaQAZi4jwAIjIdU5mTneIAhV0x+AStMF0jsQ==",
            "primary_blob_endpoint": "https://inamstg.blob.core.windows.net/",
            "primary_blob_host": "inamstg.blob.core.windows.net",
            "primary_connection_string": "DefaultEndpointsProtocol=https;AccountName=inamstg;AccountKey=1Bnk71W57CPzh9b4a7digIpp754cd8J9Ce2RaNSQ748XY968YLoaQAZi4jwAIjIdU5mTneIAhV0x+AStMF0jsQ==;EndpointSuffix=core.windows.net",
            "primary_dfs_endpoint": "https://inamstg.dfs.core.windows.net/",
            "primary_dfs_host": "inamstg.dfs.core.windows.net",
            "primary_file_endpoint": "https://inamstg.file.core.windows.net/",
            "primary_file_host": "inamstg.file.core.windows.net",
            "primary_location": "westeurope",
            "primary_queue_endpoint": "https://inamstg.queue.core.windows.net/",
            "primary_queue_host": "inamstg.queue.core.windows.net",
            "primary_table_endpoint": "https://inamstg.table.core.windows.net/",
            "primary_table_host": "inamstg.table.core.windows.net",
            "primary_web_endpoint": "https://inamstg.z6.web.core.windows.net/",
            "primary_web_host": "inamstg.z6.web.core.windows.net",
            "queue_encryption_key_type": "Service",
            "queue_properties": [
              {
                "cors_rule": [],
                "hour_metrics": [
                  {
                    "enabled": true,
                    "include_apis": true,
                    "retention_policy_days": 7,
                    "version": "1.0"
                  }
                ],
                "logging": [
                  {
                    "delete": false,
                    "read": false,
                    "retention_policy_days": 0,
                    "version": "1.0",
                    "write": false
                  }
                ],
                "minute_metrics": [
                  {
                    "enabled": false,
                    "include_apis": false,
                    "retention_policy_days": 0,
                    "version": "1.0"
                  }
                ]
              }
            ],
            "resource_group_name": "New-RG",
            "routing": [],
            "secondary_access_key": "e/Jze0yVLqdvYkrIlgvKPybEE4IJyVEPIWhJb0nNy/JZjtPPqWvFUYggYXQQBywjAeyXmSTgNMNF+AStE+l/ww==",
            "secondary_blob_connection_string": "",
            "secondary_blob_endpoint": null,
            "secondary_blob_host": null,
            "secondary_connection_string": "DefaultEndpointsProtocol=https;AccountName=inamstg;AccountKey=e/Jze0yVLqdvYkrIlgvKPybEE4IJyVEPIWhJb0nNy/JZjtPPqWvFUYggYXQQBywjAeyXmSTgNMNF+AStE+l/ww==;EndpointSuffix=core.windows.net",
            "secondary_dfs_endpoint": null,
            "secondary_dfs_host": null,
            "secondary_file_endpoint": null,
            "secondary_file_host": null,
            "secondary_location": "",
            "secondary_queue_endpoint": null,
            "secondary_queue_host": null,
            "secondary_table_endpoint": null,
            "secondary_table_host": null,
            "secondary_web_endpoint": null,
            "secondary_web_host": null,
            "share_properties": [
              {
                "cors_rule": [],
                "retention_policy": [
                  {
                    "days": 7
                  }
                ],
                "smb": []
              }
            ],
            "shared_access_key_enabled": true,
            "static_website": [],
            "table_encryption_key_type": "Service",
            "tags": {
              "environment": "staging"
            },
            "timeouts": null
          },
          "sensitive_attributes": [],
          "private": "eyJlMmJmYjczMC1lY2FhLTExZTYtOGY4OC0zNDM2M2JjN2M0YzAiOnsiY3JlYXRlIjozNjAwMDAwMDAwMDAwLCJkZWxldGUiOjM2MDAwMDAwMDAwMDAsInJlYWQiOjMwMDAwMDAwMDAwMCwidXBkYXRlIjozNjAwMDAwMDAwMDAwfSwic2NoZW1hX3ZlcnNpb24iOiIyIn0=",
          "dependencies": [
            "azurerm_resource_group.myrg",
            "azurerm_subnet.sub1",
            "azurerm_virtual_network.myvnet"
          ]
        }
      ]
    },
    {
      "mode": "managed",
      "type": "azurerm_subnet",
      "name": "sub1",
      "provider": "provider[\"registry.terraform.io/hashicorp/azurerm\"]",
      "instances": [
        {
          "schema_version": 0,
          "attributes": {
            "address_prefix": "10.0.2.0/24",
            "address_prefixes": [
              "10.0.2.0/24"
            ],
            "delegation": [],
            "enforce_private_link_endpoint_network_policies": false,
            "enforce_private_link_service_network_policies": false,
            "id": "/subscriptions/e9d7db19-8a35-4c42-b637-876bffbd6394/resourceGroups/New-RG/providers/Microsoft.Network/virtualNetworks/virtnetname/subnets/inamsubnet",
            "name": "inamsubnet",
            "resource_group_name": "New-RG",
            "service_endpoint_policy_ids": null,
            "service_endpoints": [
              "Microsoft.Sql",
              "Microsoft.Storage"
            ],
            "timeouts": null,
            "virtual_network_name": "virtnetname"
          },
          "sensitive_attributes": [],
          "private": "eyJlMmJmYjczMC1lY2FhLTExZTYtOGY4OC0zNDM2M2JjN2M0YzAiOnsiY3JlYXRlIjoxODAwMDAwMDAwMDAwLCJkZWxldGUiOjE4MDAwMDAwMDAwMDAsInJlYWQiOjMwMDAwMDAwMDAwMCwidXBkYXRlIjoxODAwMDAwMDAwMDAwfX0=",
          "dependencies": [
            "azurerm_resource_group.myrg",
            "azurerm_virtual_network.myvnet"
          ]
        }
      ]
    },
    {
      "mode": "managed",
      "type": "azurerm_virtual_network",
      "name": "myvnet",
      "provider": "provider[\"registry.terraform.io/hashicorp/azurerm\"]",
      "instances": [
        {
          "schema_version": 0,
          "attributes": {
            "address_space": [
              "10.0.0.0/16"
            ],
            "bgp_community": "",
            "ddos_protection_plan": [],
            "dns_servers": [],
            "flow_timeout_in_minutes": 0,
            "guid": "392a88c7-e4f6-46be-9fbd-bb204fe3224b",
            "id": "/subscriptions/e9d7db19-8a35-4c42-b637-876bffbd6394/resourceGroups/New-RG/providers/Microsoft.Network/virtualNetworks/virtnetname",
            "location": "westeurope",
            "name": "virtnetname",
            "resource_group_name": "New-RG",
            "subnet": [],
            "tags": null,
            "timeouts": null,
            "vm_protection_enabled": false
          },
          "sensitive_attributes": [],
          "private": "eyJlMmJmYjczMC1lY2FhLTExZTYtOGY4OC0zNDM2M2JjN2M0YzAiOnsiY3JlYXRlIjoxODAwMDAwMDAwMDAwLCJkZWxldGUiOjE4MDAwMDAwMDAwMDAsInJlYWQiOjMwMDAwMDAwMDAwMCwidXBkYXRlIjoxODAwMDAwMDAwMDAwfX0=",
          "dependencies": [
            "azurerm_resource_group.myrg"
          ]
        }
      ]
    }
  ]
}
